
Microsoft Visual Studio Solution File, Format Version 12.00
# Visual Studio Version 16
VisualStudioVersion = 16.0.31129.286
MinimumVisualStudioVersion = 10.0.40219.1
Project("{2150E333-8FDC-42A3-9474-1A3956D46DE8}") = "Services", "Services", "{E4295B10-EBB7-447E-BB8B-2DF49519508B}"
EndProject
Project("{2150E333-8FDC-42A3-9474-1A3956D46DE8}") = "WebApps", "WebApps", "{5C577D5A-0BD2-4E23-879D-E47A1716E556}"
EndProject
Project("{2150E333-8FDC-42A3-9474-1A3956D46DE8}") = "Cadastros", "Cadastros", "{8BECBFB0-37D6-4B2E-AA97-045F9AA635AA}"
EndProject
Project("{2150E333-8FDC-42A3-9474-1A3956D46DE8}") = "Catalogo", "Catalogo", "{380DB2C4-0C7B-490E-9417-5FC3D3C3773A}"
EndProject
Project("{2150E333-8FDC-42A3-9474-1A3956D46DE8}") = "Core", "Core", "{9E4F6C09-4827-41EF-B52C-DE8077C81611}"
EndProject
Project("{2150E333-8FDC-42A3-9474-1A3956D46DE8}") = "Fiscal", "Fiscal", "{F1BAE7CC-0678-4C5D-914C-3C28F0A375F2}"
EndProject
Project("{2150E333-8FDC-42A3-9474-1A3956D46DE8}") = "Pagamentos", "Pagamentos", "{192C501A-DC51-4CF1-9391-458C41DEAB88}"
EndProject
Project("{2150E333-8FDC-42A3-9474-1A3956D46DE8}") = "Vendas", "Vendas", "{6DC48286-D797-40E2-920D-8CDB724A291C}"
EndProject
Project("{9A19103F-16F7-4668-BE54-9A1E7A4F7556}") = "NerdStore.Catalogo.Domain", "src\NerdStore.Catalogo.Domain\NerdStore.Catalogo.Domain.csproj", "{77999DFA-CBF3-480E-830C-44A17C2AEC20}"
EndProject
Project("{9A19103F-16F7-4668-BE54-9A1E7A4F7556}") = "NerdStore.Core", "src\NerdStore.Core\NerdStore.Core.csproj", "{00831927-4403-427E-A689-48C5769A44D8}"
EndProject
Project("{2150E333-8FDC-42A3-9474-1A3956D46DE8}") = "Doc", "Doc", "{D508C316-2522-4119-95D1-16E81100007A}"
	ProjectSection(SolutionItems) = preProject
		ContextMap.png = ContextMap.png
	EndProjectSection
EndProject
Project("{2150E333-8FDC-42A3-9474-1A3956D46DE8}") = "Tests", "Tests", "{35707C15-FE78-4D47-A220-BC2A2E44F159}"
EndProject
Project("{9A19103F-16F7-4668-BE54-9A1E7A4F7556}") = "NerdStore.Catalogo.Domain.Tests", "tests\NerdStore.Catalogo.Domain.Tests\NerdStore.Catalogo.Domain.Tests.csproj", "{6281B477-7F1D-483D-ADC7-E2A2E28AB420}"
EndProject
Project("{9A19103F-16F7-4668-BE54-9A1E7A4F7556}") = "NerdStore.Catalogo.Data", "src\NerdStore.Catalogo.Data\NerdStore.Catalogo.Data.csproj", "{C7ABCC2B-FDBE-4A54-B86A-FAC12504B70A}"
EndProject
Project("{9A19103F-16F7-4668-BE54-9A1E7A4F7556}") = "NerdStore.Catalogo.Application", "src\NerdStore.Catalogo.Application\NerdStore.Catalogo.Application.csproj", "{B9407C2F-0E50-47C6-B084-EBBF7E408921}"
EndProject
Project("{9A19103F-16F7-4668-BE54-9A1E7A4F7556}") = "NerdStore.WebApp.MVC", "src\NerdStore.WebApp.MVC\NerdStore.WebApp.MVC.csproj", "{6F55FC4A-16DC-4CC6-9F09-E2740BFCA4FC}"
EndProject
Project("{FAE04EC0-301F-11D3-BF4B-00C04F79EFBC}") = "NerdStore.Vendas.Domain", "src\NerdStore.Vendas.Domain\NerdStore.Vendas.Domain.csproj", "{EDBB7661-E2AA-48C4-99C0-A11D98E160EE}"
EndProject
Project("{FAE04EC0-301F-11D3-BF4B-00C04F79EFBC}") = "NerdStore.Vendas.Application", "src\NerdStore.Vendas.Application\NerdStore.Vendas.Application.csproj", "{A73FB1AA-B032-4B67-8632-C344D74C71B8}"
EndProject
Project("{FAE04EC0-301F-11D3-BF4B-00C04F79EFBC}") = "NerdStore.Vendas.Infraestructure", "src\NerdStore.Vendas.Infraestructure\NerdStore.Vendas.Infraestructure.csproj", "{A24ACCD9-52CA-49C1-90C4-DF1E1AB4333F}"
EndProject
Global
	GlobalSection(SolutionConfigurationPlatforms) = preSolution
		Debug|Any CPU = Debug|Any CPU
		Release|Any CPU = Release|Any CPU
	EndGlobalSection
	GlobalSection(ProjectConfigurationPlatforms) = postSolution
		{77999DFA-CBF3-480E-830C-44A17C2AEC20}.Debug|Any CPU.ActiveCfg = Debug|Any CPU
		{77999DFA-CBF3-480E-830C-44A17C2AEC20}.Debug|Any CPU.Build.0 = Debug|Any CPU
		{77999DFA-CBF3-480E-830C-44A17C2AEC20}.Release|Any CPU.ActiveCfg = Release|Any CPU
		{77999DFA-CBF3-480E-830C-44A17C2AEC20}.Release|Any CPU.Build.0 = Release|Any CPU
		{00831927-4403-427E-A689-48C5769A44D8}.Debug|Any CPU.ActiveCfg = Debug|Any CPU
		{00831927-4403-427E-A689-48C5769A44D8}.Debug|Any CPU.Build.0 = Debug|Any CPU
		{00831927-4403-427E-A689-48C5769A44D8}.Release|Any CPU.ActiveCfg = Release|Any CPU
		{00831927-4403-427E-A689-48C5769A44D8}.Release|Any CPU.Build.0 = Release|Any CPU
		{6281B477-7F1D-483D-ADC7-E2A2E28AB420}.Debug|Any CPU.ActiveCfg = Debug|Any CPU
		{6281B477-7F1D-483D-ADC7-E2A2E28AB420}.Debug|Any CPU.Build.0 = Debug|Any CPU
		{6281B477-7F1D-483D-ADC7-E2A2E28AB420}.Release|Any CPU.ActiveCfg = Release|Any CPU
		{6281B477-7F1D-483D-ADC7-E2A2E28AB420}.Release|Any CPU.Build.0 = Release|Any CPU
		{C7ABCC2B-FDBE-4A54-B86A-FAC12504B70A}.Debug|Any CPU.ActiveCfg = Debug|Any CPU
		{C7ABCC2B-FDBE-4A54-B86A-FAC12504B70A}.Debug|Any CPU.Build.0 = Debug|Any CPU
		{C7ABCC2B-FDBE-4A54-B86A-FAC12504B70A}.Release|Any CPU.ActiveCfg = Release|Any CPU
		{C7ABCC2B-FDBE-4A54-B86A-FAC12504B70A}.Release|Any CPU.Build.0 = Release|Any CPU
		{B9407C2F-0E50-47C6-B084-EBBF7E408921}.Debug|Any CPU.ActiveCfg = Debug|Any CPU
		{B9407C2F-0E50-47C6-B084-EBBF7E408921}.Debug|Any CPU.Build.0 = Debug|Any CPU
		{B9407C2F-0E50-47C6-B084-EBBF7E408921}.Release|Any CPU.ActiveCfg = Release|Any CPU
		{B9407C2F-0E50-47C6-B084-EBBF7E408921}.Release|Any CPU.Build.0 = Release|Any CPU
		{6F55FC4A-16DC-4CC6-9F09-E2740BFCA4FC}.Debug|Any CPU.ActiveCfg = Debug|Any CPU
		{6F55FC4A-16DC-4CC6-9F09-E2740BFCA4FC}.Debug|Any CPU.Build.0 = Debug|Any CPU
		{6F55FC4A-16DC-4CC6-9F09-E2740BFCA4FC}.Release|Any CPU.ActiveCfg = Release|Any CPU
		{6F55FC4A-16DC-4CC6-9F09-E2740BFCA4FC}.Release|Any CPU.Build.0 = Release|Any CPU
		{EDBB7661-E2AA-48C4-99C0-A11D98E160EE}.Debug|Any CPU.ActiveCfg = Debug|Any CPU
		{EDBB7661-E2AA-48C4-99C0-A11D98E160EE}.Debug|Any CPU.Build.0 = Debug|Any CPU
		{EDBB7661-E2AA-48C4-99C0-A11D98E160EE}.Release|Any CPU.ActiveCfg = Release|Any CPU
		{EDBB7661-E2AA-48C4-99C0-A11D98E160EE}.Release|Any CPU.Build.0 = Release|Any CPU
		{A73FB1AA-B032-4B67-8632-C344D74C71B8}.Debug|Any CPU.ActiveCfg = Debug|Any CPU
		{A73FB1AA-B032-4B67-8632-C344D74C71B8}.Debug|Any CPU.Build.0 = Debug|Any CPU
		{A73FB1AA-B032-4B67-8632-C344D74C71B8}.Release|Any CPU.ActiveCfg = Release|Any CPU
		{A73FB1AA-B032-4B67-8632-C344D74C71B8}.Release|Any CPU.Build.0 = Release|Any CPU
		{A24ACCD9-52CA-49C1-90C4-DF1E1AB4333F}.Debug|Any CPU.ActiveCfg = Debug|Any CPU
		{A24ACCD9-52CA-49C1-90C4-DF1E1AB4333F}.Debug|Any CPU.Build.0 = Debug|Any CPU
		{A24ACCD9-52CA-49C1-90C4-DF1E1AB4333F}.Release|Any CPU.ActiveCfg = Release|Any CPU
		{A24ACCD9-52CA-49C1-90C4-DF1E1AB4333F}.Release|Any CPU.Build.0 = Release|Any CPU
	EndGlobalSection
	GlobalSection(SolutionProperties) = preSolution
		HideSolutionNode = FALSE
	EndGlobalSection
	GlobalSection(NestedProjects) = preSolution
		{8BECBFB0-37D6-4B2E-AA97-045F9AA635AA} = {E4295B10-EBB7-447E-BB8B-2DF49519508B}
		{380DB2C4-0C7B-490E-9417-5FC3D3C3773A} = {E4295B10-EBB7-447E-BB8B-2DF49519508B}
		{9E4F6C09-4827-41EF-B52C-DE8077C81611} = {E4295B10-EBB7-447E-BB8B-2DF49519508B}
		{F1BAE7CC-0678-4C5D-914C-3C28F0A375F2} = {E4295B10-EBB7-447E-BB8B-2DF49519508B}
		{192C501A-DC51-4CF1-9391-458C41DEAB88} = {E4295B10-EBB7-447E-BB8B-2DF49519508B}
		{6DC48286-D797-40E2-920D-8CDB724A291C} = {E4295B10-EBB7-447E-BB8B-2DF49519508B}
		{77999DFA-CBF3-480E-830C-44A17C2AEC20} = {380DB2C4-0C7B-490E-9417-5FC3D3C3773A}
		{00831927-4403-427E-A689-48C5769A44D8} = {9E4F6C09-4827-41EF-B52C-DE8077C81611}
		{35707C15-FE78-4D47-A220-BC2A2E44F159} = {380DB2C4-0C7B-490E-9417-5FC3D3C3773A}
		{6281B477-7F1D-483D-ADC7-E2A2E28AB420} = {35707C15-FE78-4D47-A220-BC2A2E44F159}
		{C7ABCC2B-FDBE-4A54-B86A-FAC12504B70A} = {380DB2C4-0C7B-490E-9417-5FC3D3C3773A}
		{B9407C2F-0E50-47C6-B084-EBBF7E408921} = {380DB2C4-0C7B-490E-9417-5FC3D3C3773A}
		{6F55FC4A-16DC-4CC6-9F09-E2740BFCA4FC} = {5C577D5A-0BD2-4E23-879D-E47A1716E556}
		{EDBB7661-E2AA-48C4-99C0-A11D98E160EE} = {6DC48286-D797-40E2-920D-8CDB724A291C}
		{A73FB1AA-B032-4B67-8632-C344D74C71B8} = {6DC48286-D797-40E2-920D-8CDB724A291C}
		{A24ACCD9-52CA-49C1-90C4-DF1E1AB4333F} = {6DC48286-D797-40E2-920D-8CDB724A291C}
	EndGlobalSection
	GlobalSection(ExtensibilityGlobals) = postSolution
		SolutionGuid = {FCB084C1-756E-46B9-B356-2488AFDF0948}
	EndGlobalSection
EndGlobal
